{
  "name": "uni-shop",
  "version": "1.0.0",
  "lockfileVersion": 1,
  "requires": true,
  "dependencies": {
    "@dcloudio/uni-ui": {
      "version": "1.4.20",
      "resolved": "https://repo.huaweicloud.com/repository/npm/@dcloudio/uni-ui/-/uni-ui-1.4.20.tgz",
      "integrity": "sha512-vWrT64u83H1YYrTF1SpWI0ZTplP/411a9tSPqd6ePRXDDODueWTfngguP/iEzAyeXMYLoS1N3rUWoTSxYrr9zQ=="
    },
    "@escook/request-miniprogram": {
      "version": "0.2.1",
      "resolved": "https://registry.npmmirror.com/@escook/request-miniprogram/-/request-miniprogram-0.2.1.tgz",
      "integrity": "sha512-ueWV5YsaEm/ycQZuEjMiA88GFMhfBQSjy9GrP9omy4xAQajkGTbYIlnhzsDfWzRPmRC1fKmAiKMrCVcgS+SHcQ=="
    }
  }
}
